// !$*UTF8*$!
{
	archiveVersion = 1;
	classes = {
	};
	objectVersion = 56;
	objects = {

/* Begin PBXBuildFile section */
		9220875C2B6AA04100AA9D44 /* CEPAppApp.swift in Sources */ = {isa = PBXBuildFile; fileRef = 9220875B2B6AA04100AA9D44 /* CEPAppApp.swift */; };
		922087602B6AA04200AA9D44 /* Assets.xcassets in Resources */ = {isa = PBXBuildFile; fileRef = 9220875F2B6AA04200AA9D44 /* Assets.xcassets */; };
		922087642B6AA04200AA9D44 /* Preview Assets.xcassets in Resources */ = {isa = PBXBuildFile; fileRef = 922087632B6AA04200AA9D44 /* Preview Assets.xcassets */; };
		9220876E2B6AA04200AA9D44 /* CEPAppTests.swift in Sources */ = {isa = PBXBuildFile; fileRef = 9220876D2B6AA04200AA9D44 /* CEPAppTests.swift */; };
		922087882B6AA11100AA9D44 /* CEPiOS.framework in Frameworks */ = {isa = PBXBuildFile; fileRef = 922087872B6AA11100AA9D44 /* CEPiOS.framework */; };
		922087892B6AA11100AA9D44 /* CEPiOS.framework in Embed Frameworks */ = {isa = PBXBuildFile; fileRef = 922087872B6AA11100AA9D44 /* CEPiOS.framework */; settings = {ATTRIBUTES = (CodeSignOnCopy, RemoveHeadersOnCopy, ); }; };
		9220878C2B6AA11800AA9D44 /* CEPSearch.framework in Frameworks */ = {isa = PBXBuildFile; fileRef = 9220878B2B6AA11800AA9D44 /* CEPSearch.framework */; };
		9220878D2B6AA11900AA9D44 /* CEPSearch.framework in Embed Frameworks */ = {isa = PBXBuildFile; fileRef = 9220878B2B6AA11800AA9D44 /* CEPSearch.framework */; settings = {ATTRIBUTES = (CodeSignOnCopy, RemoveHeadersOnCopy, ); }; };
/* End PBXBuildFile section */

/* Begin PBXContainerItemProxy section */
		9220876A2B6AA04200AA9D44 /* PBXContainerItemProxy */ = {
			isa = PBXContainerItemProxy;
			containerPortal = 922087502B6AA04100AA9D44 /* Project object */;
			proxyType = 1;
			remoteGlobalIDString = 922087572B6AA04100AA9D44;
			remoteInfo = CEPApp;
		};
/* End PBXContainerItemProxy section */

/* Begin PBXCopyFilesBuildPhase section */
		9220878A2B6AA11100AA9D44 /* Embed Frameworks */ = {
			isa = PBXCopyFilesBuildPhase;
			buildActionMask = 2147483647;
			dstPath = "";
			dstSubfolderSpec = 10;
			files = (
				922087892B6AA11100AA9D44 /* CEPiOS.framework in Embed Frameworks */,
				9220878D2B6AA11900AA9D44 /* CEPSearch.framework in Embed Frameworks */,
			);
			name = "Embed Frameworks";
			runOnlyForDeploymentPostprocessing = 0;
		};
/* End PBXCopyFilesBuildPhase section */

/* Begin PBXFileReference section */
		922087582B6AA04100AA9D44 /* CEPApp.app */ = {isa = PBXFileReference; explicitFileType = wrapper.application; includeInIndex = 0; path = CEPApp.app; sourceTree = BUILT_PRODUCTS_DIR; };
		9220875B2B6AA04100AA9D44 /* CEPAppApp.swift */ = {isa = PBXFileReference; lastKnownFileType = sourcecode.swift; path = CEPAppApp.swift; sourceTree = "<group>"; };
		9220875F2B6AA04200AA9D44 /* Assets.xcassets */ = {isa = PBXFileReference; lastKnownFileType = folder.assetcatalog; path = Assets.xcassets; sourceTree = "<group>"; };
		922087612B6AA04200AA9D44 /* CEPApp.entitlements */ = {isa = PBXFileReference; lastKnownFileType = text.plist.entitlements; path = CEPApp.entitlements; sourceTree = "<group>"; };
		922087632B6AA04200AA9D44 /* Preview Assets.xcassets */ = {isa = PBXFileReference; lastKnownFileType = folder.assetcatalog; path = "Preview Assets.xcassets"; sourceTree = "<group>"; };
		922087692B6AA04200AA9D44 /* CEPAppTests.xctest */ = {isa = PBXFileReference; explicitFileType = wrapper.cfbundle; includeInIndex = 0; path = CEPAppTests.xctest; sourceTree = BUILT_PRODUCTS_DIR; };
		9220876D2B6AA04200AA9D44 /* CEPAppTests.swift */ = {isa = PBXFileReference; lastKnownFileType = sourcecode.swift; path = CEPAppTests.swift; sourceTree = "<group>"; };
		922087872B6AA11100AA9D44 /* CEPiOS.framework */ = {isa = PBXFileReference; explicitFileType = wrapper.framework; path = CEPiOS.framework; sourceTree = BUILT_PRODUCTS_DIR; };
		9220878B2B6AA11800AA9D44 /* CEPSearch.framework */ = {isa = PBXFileReference; explicitFileType = wrapper.framework; path = CEPSearch.framework; sourceTree = BUILT_PRODUCTS_DIR; };
/* End PBXFileReference section */

/* Begin PBXFrameworksBuildPhase section */
		922087552B6AA04100AA9D44 /* Frameworks */ = {
			isa = PBXFrameworksBuildPhase;
			buildActionMask = 2147483647;
			files = (
				922087882B6AA11100AA9D44 /* CEPiOS.framework in Frameworks */,
				9220878C2B6AA11800AA9D44 /* CEPSearch.framework in Frameworks */,
			);
			runOnlyForDeploymentPostprocessing = 0;
		};
		922087662B6AA04200AA9D44 /* Frameworks */ = {
			isa = PBXFrameworksBuildPhase;
			buildActionMask = 2147483647;
			files = (
			);
			runOnlyForDeploymentPostprocessing = 0;
		};
/* End PBXFrameworksBuildPhase section */

/* Begin PBXGroup section */
		9220874F2B6AA04100AA9D44 = {
			isa = PBXGroup;
			children = (
				9220875A2B6AA04100AA9D44 /* CEPApp */,
				9220876C2B6AA04200AA9D44 /* CEPAppTests */,
				922087592B6AA04100AA9D44 /* Products */,
				922087862B6AA11100AA9D44 /* Frameworks */,
			);
			sourceTree = "<group>";
		};
		922087592B6AA04100AA9D44 /* Products */ = {
			isa = PBXGroup;
			children = (
				922087582B6AA04100AA9D44 /* CEPApp.app */,
				922087692B6AA04200AA9D44 /* CEPAppTests.xctest */,
			);
			name = Products;
			sourceTree = "<group>";
		};
		9220875A2B6AA04100AA9D44 /* CEPApp */ = {
			isa = PBXGroup;
			children = (
				9220875B2B6AA04100AA9D44 /* CEPAppApp.swift */,
				9220875F2B6AA04200AA9D44 /* Assets.xcassets */,
				922087612B6AA04200AA9D44 /* CEPApp.entitlements */,
				922087622B6AA04200AA9D44 /* Preview Content */,
			);
			path = CEPApp;
			sourceTree = "<group>";
		};
		922087622B6AA04200AA9D44 /* Preview Content */ = {
			isa = PBXGroup;
			children = (
				922087632B6AA04200AA9D44 /* Preview Assets.xcassets */,
			);
			path = "Preview Content";
			sourceTree = "<group>";
		};
		9220876C2B6AA04200AA9D44 /* CEPAppTests */ = {
			isa = PBXGroup;
			children = (
				9220876D2B6AA04200AA9D44 /* CEPAppTests.swift */,
			);
			path = CEPAppTests;
			sourceTree = "<group>";
		};
		922087862B6AA11100AA9D44 /* Frameworks */ = {
			isa = PBXGroup;
			children = (
				9220878B2B6AA11800AA9D44 /* CEPSearch.framework */,
				922087872B6AA11100AA9D44 /* CEPiOS.framework */,
			);
			name = Frameworks;
			sourceTree = "<group>";
		};
/* End PBXGroup section */

/* Begin PBXNativeTarget section */
		922087572B6AA04100AA9D44 /* CEPApp */ = {
			isa = PBXNativeTarget;
			buildConfigurationList = 9220877D2B6AA04200AA9D44 /* Build configuration list for PBXNativeTarget "CEPApp" */;
			buildPhases = (
				922087542B6AA04100AA9D44 /* Sources */,
				922087552B6AA04100AA9D44 /* Frameworks */,
				922087562B6AA04100AA9D44 /* Resources */,
				9220878A2B6AA11100AA9D44 /* Embed Frameworks */,
			);
			buildRules = (
			);
			dependencies = (
			);
			name = CEPApp;
			productName = CEPApp;
			productReference = 922087582B6AA04100AA9D44 /* CEPApp.app */;
			productType = "com.apple.product-type.application";
		};
		922087682B6AA04200AA9D44 /* CEPAppTests */ = {
			isa = PBXNativeTarget;
			buildConfigurationList = 922087802B6AA04200AA9D44 /* Build configuration list for PBXNativeTarget "CEPAppTests" */;
			buildPhases = (
				922087652B6AA04200AA9D44 /* Sources */,
				922087662B6AA04200AA9D44 /* Frameworks */,
				922087672B6AA04200AA9D44 /* Resources */,
			);
			buildRules = (
			);
			dependencies = (
				9220876B2B6AA04200AA9D44 /* PBXTargetDependency */,
			);
			name = CEPAppTests;
			productName = CEPAppTests;
			productReference = 922087692B6AA04200AA9D44 /* CEPAppTests.xctest */;
			productType = "com.apple.product-type.bundle.unit-test";
		};
/* End PBXNativeTarget section */

/* Begin PBXProject section */
		922087502B6AA04100AA9D44 /* Project object */ = {
			isa = PBXProject;
			attributes = {
				BuildIndependentTargetsInParallel = 1;
				LastSwiftUpdateCheck = 1520;
				LastUpgradeCheck = 1520;
				TargetAttributes = {
					922087572B6AA04100AA9D44 = {
						CreatedOnToolsVersion = 15.2;
					};
					922087682B6AA04200AA9D44 = {
						CreatedOnToolsVersion = 15.2;
						TestTargetID = 922087572B6AA04100AA9D44;
					};
				};
			};
			buildConfigurationList = 922087532B6AA04100AA9D44 /* Build configuration list for PBXProject "CEPApp" */;
			compatibilityVersion = "Xcode 14.0";
			developmentRegion = en;
			hasScannedForEncodings = 0;
			knownRegions = (
				en,
				Base,
			);
			mainGroup = 9220874F2B6AA04100AA9D44;
			productRefGroup = 922087592B6AA04100AA9D44 /* Products */;
			projectDirPath = "";
			projectRoot = "";
			targets = (
				922087572B6AA04100AA9D44 /* CEPApp */,
				922087682B6AA04200AA9D44 /* CEPAppTests */,
			);
		};
/* End PBXProject section */

/* Begin PBXResourcesBuildPhase section */
		922087562B6AA04100AA9D44 /* Resources */ = {
			isa = PBXResourcesBuildPhase;
			buildActionMask = 2147483647;
			files = (
				922087642B6AA04200AA9D44 /* Preview Assets.xcassets in Resources */,
				922087602B6AA04200AA9D44 /* Assets.xcassets in Resources */,
			);
			runOnlyForDeploymentPostprocessing = 0;
		};
		922087672B6AA04200AA9D44 /* Resources */ = {
			isa = PBXResourcesBuildPhase;
			buildActionMask = 2147483647;
			files = (
			);
			runOnlyForDeploymentPostprocessing = 0;
		};
/* End PBXResourcesBuildPhase section */

/* Begin PBXSourcesBuildPhase section */
		922087542B6AA04100AA9D44 /* Sources */ = {
			isa = PBXSourcesBuildPhase;
			buildActionMask = 2147483647;
			files = (
				9220875C2B6AA04100AA9D44 /* CEPAppApp.swift in Sources */,
			);
			runOnlyForDeploymentPostprocessing = 0;
		};
		922087652B6AA04200AA9D44 /* Sources */ = {
			isa = PBXSourcesBuildPhase;
			buildActionMask = 2147483647;
			files = (
				9220876E2B6AA04200AA9D44 /* CEPAppTests.swift in Sources */,
			);
			runOnlyForDeploymentPostprocessing = 0;
		};
/* End PBXSourcesBuildPhase section */

/* Begin PBXTargetDependency section */
		9220876B2B6AA04200AA9D44 /* PBXTargetDependency */ = {
			isa = PBXTargetDependency;
			target = 922087572B6AA04100AA9D44 /* CEPApp */;
			targetProxy = 9220876A2B6AA04200AA9D44 /* PBXContainerItemProxy */;
		};
/* End PBXTargetDependency section */

/* Begin XCBuildConfiguration section */
		9220877B2B6AA04200AA9D44 /* Debug */ = {
			isa = XCBuildConfiguration;
			buildSettings = {
				ALWAYS_SEARCH_USER_PATHS = NO;
				ASSETCATALOG_COMPILER_GENERATE_SWIFT_ASSET_SYMBOL_EXTENSIONS = YES;
				CLANG_ANALYZER_NONNULL = YES;
				CLANG_ANALYZER_NUMBER_OBJECT_CONVERSION = YES_AGGRESSIVE;
				CLANG_CXX_LANGUAGE_STANDARD = "gnu++20";
				CLANG_ENABLE_MODULES = YES;
				CLANG_ENABLE_OBJC_ARC = YES;
				CLANG_ENABLE_OBJC_WEAK = YES;
				CLANG_WARN_BLOCK_CAPTURE_AUTORELEASING = YES;
				CLANG_WARN_BOOL_CONVERSION = YES;
				CLANG_WARN_COMMA = YES;
				CLANG_WARN_CONSTANT_CONVERSION = YES;
				CLANG_WARN_DEPRECATED_OBJC_IMPLEMENTATIONS = YES;
				CLANG_WARN_DIRECT_OBJC_ISA_USAGE = YES_ERROR;
				CLANG_WARN_DOCUMENTATION_COMMENTS = YES;
				CLANG_WARN_EMPTY_BODY = YES;
				CLANG_WARN_ENUM_CONVERSION = YES;
				CLANG_WARN_INFINITE_RECURSION = YES;
				CLANG_WARN_INT_CONVERSION = YES;
				CLANG_WARN_NON_LITERAL_NULL_CONVERSION = YES;
				CLANG_WARN_OBJC_IMPLICIT_RETAIN_SELF = YES;
				CLANG_WARN_OBJC_LITERAL_CONVERSION = YES;
				CLANG_WARN_OBJC_ROOT_CLASS = YES_ERROR;
				CLANG_WARN_QUOTED_INCLUDE_IN_FRAMEWORK_HEADER = YES;
				CLANG_WARN_RANGE_LOOP_ANALYSIS = YES;
				CLANG_WARN_STRICT_PROTOTYPES = YES;
				CLANG_WARN_SUSPICIOUS_MOVE = YES;
				CLANG_WARN_UNGUARDED_AVAILABILITY = YES_AGGRESSIVE;
				CLANG_WARN_UNREACHABLE_CODE = YES;
				CLANG_WARN__DUPLICATE_METHOD_MATCH = YES;
				COPY_PHASE_STRIP = NO;
				DEBUG_INFORMATION_FORMAT = dwarf;
				ENABLE_STRICT_OBJC_MSGSEND = YES;
				ENABLE_TESTABILITY = YES;
				ENABLE_USER_SCRIPT_SANDBOXING = YES;
				GCC_C_LANGUAGE_STANDARD = gnu17;
				GCC_DYNAMIC_NO_PIC = NO;
				GCC_NO_COMMON_BLOCKS = YES;
				GCC_OPTIMIZATION_LEVEL = 0;
				GCC_PREPROCESSOR_DEFINITIONS = (
					"DEBUG=1",
					"$(inherited)",
				);
				GCC_WARN_64_TO_32_BIT_CONVERSION = YES;
				GCC_WARN_ABOUT_RETURN_TYPE = YES_ERROR;
				GCC_WARN_UNDECLARED_SELECTOR = YES;
				GCC_WARN_UNINITIALIZED_AUTOS = YES_AGGRESSIVE;
				GCC_WARN_UNUSED_FUNCTION = YES;
				GCC_WARN_UNUSED_VARIABLE = YES;
				LOCALIZATION_PREFERS_STRING_CATALOGS = YES;
				MTL_ENABLE_DEBUG_INFO = INCLUDE_SOURCE;
				MTL_FAST_MATH = YES;
				ONLY_ACTIVE_ARCH = YES;
				SWIFT_ACTIVE_COMPILATION_CONDITIONS = "DEBUG $(inherited)";
				SWIFT_OPTIMIZATION_LEVEL = "-Onone";
			};
			name = Debug;
		};
		9220877C2B6AA04200AA9D44 /* Release */ = {
			isa = XCBuildConfiguration;
			buildSettings = {
				ALWAYS_SEARCH_USER_PATHS = NO;
				ASSETCATALOG_COMPILER_GENERATE_SWIFT_ASSET_SYMBOL_EXTENSIONS = YES;
				CLANG_ANALYZER_NONNULL = YES;
				CLANG_ANALYZER_NUMBER_OBJECT_CONVERSION = YES_AGGRESSIVE;
				CLANG_CXX_LANGUAGE_STANDARD = "gnu++20";
				CLANG_ENABLE_MODULES = YES;
				CLANG_ENABLE_OBJC_ARC = YES;
				CLANG_ENABLE_OBJC_WEAK = YES;
				CLANG_WARN_BLOCK_CAPTURE_AUTORELEASING = YES;
				CLANG_WARN_BOOL_CONVERSION = YES;
				CLANG_WARN_COMMA = YES;
				CLANG_WARN_CONSTANT_CONVERSION = YES;
				CLANG_WARN_DEPRECATED_OBJC_IMPLEMENTATIONS = YES;
				CLANG_WARN_DIRECT_OBJC_ISA_USAGE = YES_ERROR;
				CLANG_WARN_DOCUMENTATION_COMMENTS = YES;
				CLANG_WARN_EMPTY_BODY = YES;
				CLANG_WARN_ENUM_CONVERSION = YES;
				CLANG_WARN_INFINITE_RECURSION = YES;
				CLANG_WARN_INT_CONVERSION = YES;
				CLANG_WARN_NON_LITERAL_NULL_CONVERSION = YES;
				CLANG_WARN_OBJC_IMPLICIT_RETAIN_SELF = YES;
				CLANG_WARN_OBJC_LITERAL_CONVERSION = YES;
				CLANG_WARN_OBJC_ROOT_CLASS = YES_ERROR;
				CLANG_WARN_QUOTED_INCLUDE_IN_FRAMEWORK_HEADER = YES;
				CLANG_WARN_RANGE_LOOP_ANALYSIS = YES;
				CLANG_WARN_STRICT_PROTOTYPES = YES;
				CLANG_WARN_SUSPICIOUS_MOVE = YES;
				CLANG_WARN_UNGUARDED_AVAILABILITY = YES_AGGRESSIVE;
				CLANG_WARN_UNREACHABLE_CODE = YES;
				CLANG_WARN__DUPLICATE_METHOD_MATCH = YES;
				COPY_PHASE_STRIP = NO;
				DEBUG_INFORMATION_FORMAT = "dwarf-with-dsym";
				ENABLE_NS_ASSERTIONS = NO;
				ENABLE_STRICT_OBJC_MSGSEND = YES;
				ENABLE_USER_SCRIPT_SANDBOXING = YES;
				GCC_C_LANGUAGE_STANDARD = gnu17;
				GCC_NO_COMMON_BLOCKS = YES;
				GCC_WARN_64_TO_32_BIT_CONVERSION = YES;
				GCC_WARN_ABOUT_RETURN_TYPE = YES_ERROR;
				GCC_WARN_UNDECLARED_SELECTOR = YES;
				GCC_WARN_UNINITIALIZED_AUTOS = YES_AGGRESSIVE;
				GCC_WARN_UNUSED_FUNCTION = YES;
				GCC_WARN_UNUSED_VARIABLE = YES;
				LOCALIZATION_PREFERS_STRING_CATALOGS = YES;
				MTL_ENABLE_DEBUG_INFO = NO;
				MTL_FAST_MATH = YES;
				SWIFT_COMPILATION_MODE = wholemodule;
			};
			name = Release;
		};
		9220877E2B6AA04200AA9D44 /* Debug */ = {
			isa = XCBuildConfiguration;
			buildSettings = {
				ASSETCATALOG_COMPILER_APPICON_NAME = AppIcon;
				ASSETCATALOG_COMPILER_GLOBAL_ACCENT_COLOR_NAME = AccentColor;
				CODE_SIGN_ENTITLEMENTS = CEPApp/CEPApp.entitlements;
				CODE_SIGN_STYLE = Automatic;
				CURRENT_PROJECT_VERSION = 1;
				DEVELOPMENT_ASSET_PATHS = "\"CEPApp/Preview Content\"";
				DEVELOPMENT_TEAM = 8C3NFSJWVT;
				ENABLE_HARDENED_RUNTIME = YES;
				ENABLE_PREVIEWS = YES;
				GENERATE_INFOPLIST_FILE = YES;
				"INFOPLIST_KEY_UIApplicationSceneManifest_Generation[sdk=iphoneos*]" = YES;
				"INFOPLIST_KEY_UIApplicationSceneManifest_Generation[sdk=iphonesimulator*]" = YES;
				"INFOPLIST_KEY_UIApplicationSupportsIndirectInputEvents[sdk=iphoneos*]" = YES;
				"INFOPLIST_KEY_UIApplicationSupportsIndirectInputEvents[sdk=iphonesimulator*]" = YES;
				"INFOPLIST_KEY_UILaunchScreen_Generation[sdk=iphoneos*]" = YES;
				"INFOPLIST_KEY_UILaunchScreen_Generation[sdk=iphonesimulator*]" = YES;
				"INFOPLIST_KEY_UIStatusBarStyle[sdk=iphoneos*]" = UIStatusBarStyleDefault;
				"INFOPLIST_KEY_UIStatusBarStyle[sdk=iphonesimulator*]" = UIStatusBarStyleDefault;
				INFOPLIST_KEY_UISupportedInterfaceOrientations_iPad = "UIInterfaceOrientationPortrait UIInterfaceOrientationPortraitUpsideDown UIInterfaceOrientationLandscapeLeft UIInterfaceOrientationLandscapeRight";
				INFOPLIST_KEY_UISupportedInterfaceOrientations_iPhone = "UIInterfaceOrientationPortrait UIInterfaceOrientationLandscapeLeft UIInterfaceOrientationLandscapeRight";
				IPHONEOS_DEPLOYMENT_TARGET = 17.2;
				LD_RUNPATH_SEARCH_PATHS = "@executable_path/Frameworks";
				"LD_RUNPATH_SEARCH_PATHS[sdk=macosx*]" = "@executable_path/../Frameworks";
				MACOSX_DEPLOYMENT_TARGET = 14.2;
				MARKETING_VERSION = 1.0;
				PRODUCT_BUNDLE_IDENTIFIER = ivo.CEPApp;
				PRODUCT_NAME = "$(TARGET_NAME)";
				SDKROOT = auto;
				SUPPORTED_PLATFORMS = "iphoneos iphonesimulator macosx";
				SWIFT_EMIT_LOC_STRINGS = YES;
				SWIFT_VERSION = 5.0;
				TARGETED_DEVICE_FAMILY = "1,2";
			};
			name = Debug;
		};
		9220877F2B6AA04200AA9D44 /* Release */ = {
			isa = XCBuildConfiguration;
			buildSettings = {
				ASSETCATALOG_COMPILER_APPICON_NAME = AppIcon;
				ASSETCATALOG_COMPILER_GLOBAL_ACCENT_COLOR_NAME = AccentColor;
				CODE_SIGN_ENTITLEMENTS = CEPApp/CEPApp.entitlements;
				CODE_SIGN_STYLE = Automatic;
				CURRENT_PROJECT_VERSION = 1;
				DEVELOPMENT_ASSET_PATHS = "\"CEPApp/Preview Content\"";
				DEVELOPMENT_TEAM = 8C3NFSJWVT;
				ENABLE_HARDENED_RUNTIME = YES;
				ENABLE_PREVIEWS = YES;
				GENERATE_INFOPLIST_FILE = YES;
				"INFOPLIST_KEY_UIApplicationSceneManifest_Generation[sdk=iphoneos*]" = YES;
				"INFOPLIST_KEY_UIApplicationSceneManifest_Generation[sdk=iphonesimulator*]" = YES;
				"INFOPLIST_KEY_UIApplicationSupportsIndirectInputEvents[sdk=iphoneos*]" = YES;
				"INFOPLIST_KEY_UIApplicationSupportsIndirectInputEvents[sdk=iphonesimulator*]" = YES;
				"INFOPLIST_KEY_UILaunchScreen_Generation[sdk=iphoneos*]" = YES;
				"INFOPLIST_KEY_UILaunchScreen_Generation[sdk=iphonesimulator*]" = YES;
				"INFOPLIST_KEY_UIStatusBarStyle[sdk=iphoneos*]" = UIStatusBarStyleDefault;
				"INFOPLIST_KEY_UIStatusBarStyle[sdk=iphonesimulator*]" = UIStatusBarStyleDefault;
				INFOPLIST_KEY_UISupportedInterfaceOrientations_iPad = "UIInterfaceOrientationPortrait UIInterfaceOrientationPortraitUpsideDown UIInterfaceOrientationLandscapeLeft UIInterfaceOrientationLandscapeRight";
				INFOPLIST_KEY_UISupportedInterfaceOrientations_iPhone = "UIInterfaceOrientationPortrait UIInterfaceOrientationLandscapeLeft UIInterfaceOrientationLandscapeRight";
				IPHONEOS_DEPLOYMENT_TARGET = 17.2;
				LD_RUNPATH_SEARCH_PATHS = "@executable_path/Frameworks";
				"LD_RUNPATH_SEARCH_PATHS[sdk=macosx*]" = "@executable_path/../Frameworks";
				MACOSX_DEPLOYMENT_TARGET = 14.2;
				MARKETING_VERSION = 1.0;
				PRODUCT_BUNDLE_IDENTIFIER = ivo.CEPApp;
				PRODUCT_NAME = "$(TARGET_NAME)";
				SDKROOT = auto;
				SUPPORTED_PLATFORMS = "iphoneos iphonesimulator macosx";
				SWIFT_EMIT_LOC_STRINGS = YES;
				SWIFT_VERSION = 5.0;
				TARGETED_DEVICE_FAMILY = "1,2";
			};
			name = Release;
		};
		922087812B6AA04200AA9D44 /* Debug */ = {
			isa = XCBuildConfiguration;
			buildSettings = {
				ALWAYS_EMBED_SWIFT_STANDARD_LIBRARIES = YES;
				BUNDLE_LOADER = "$(TEST_HOST)";
				CODE_SIGN_STYLE = Automatic;
				CURRENT_PROJECT_VERSION = 1;
				DEVELOPMENT_TEAM = 8C3NFSJWVT;
				GENERATE_INFOPLIST_FILE = YES;
				IPHONEOS_DEPLOYMENT_TARGET = 17.2;
				MACOSX_DEPLOYMENT_TARGET = 14.2;
				MARKETING_VERSION = 1.0;
				PRODUCT_BUNDLE_IDENTIFIER = ivo.CEPAppTests;
				PRODUCT_NAME = "$(TARGET_NAME)";
				SDKROOT = auto;
				SUPPORTED_PLATFORMS = "iphoneos iphonesimulator macosx";
				SWIFT_EMIT_LOC_STRINGS = NO;
				SWIFT_VERSION = 5.0;
				TARGETED_DEVICE_FAMILY = "1,2";
				TEST_HOST = "$(BUILT_PRODUCTS_DIR)/CEPApp.app/$(BUNDLE_EXECUTABLE_FOLDER_PATH)/CEPApp";
			};
			name = Debug;
		};
		922087822B6AA04200AA9D44 /* Release */ = {
			isa = XCBuildConfiguration;
			buildSettings = {
				ALWAYS_EMBED_SWIFT_STANDARD_LIBRARIES = YES;
				BUNDLE_LOADER = "$(TEST_HOST)";
				CODE_SIGN_STYLE = Automatic;
				CURRENT_PROJECT_VERSION = 1;
				DEVELOPMENT_TEAM = 8C3NFSJWVT;
				GENERATE_INFOPLIST_FILE = YES;
				IPHONEOS_DEPLOYMENT_TARGET = 17.2;
				MACOSX_DEPLOYMENT_TARGET = 14.2;
				MARKETING_VERSION = 1.0;
				PRODUCT_BUNDLE_IDENTIFIER = ivo.CEPAppTests;
				PRODUCT_NAME = "$(TARGET_NAME)";
				SDKROOT = auto;
				SUPPORTED_PLATFORMS = "iphoneos iphonesimulator macosx";
				SWIFT_EMIT_LOC_STRINGS = NO;
				SWIFT_VERSION = 5.0;
				TARGETED_DEVICE_FAMILY = "1,2";
				TEST_HOST = "$(BUILT_PRODUCTS_DIR)/CEPApp.app/$(BUNDLE_EXECUTABLE_FOLDER_PATH)/CEPApp";
			};
			name = Release;
		};
/* End XCBuildConfiguration section */

/* Begin XCConfigurationList section */
		922087532B6AA04100AA9D44 /* Build configuration list for PBXProject "CEPApp" */ = {
			isa = XCConfigurationList;
			buildConfigurations = (
				9220877B2B6AA04200AA9D44 /* Debug */,
				9220877C2B6AA04200AA9D44 /* Release */,
			);
			defaultConfigurationIsVisible = 0;
			defaultConfigurationName = Release;
		};
		9220877D2B6AA04200AA9D44 /* Build configuration list for PBXNativeTarget "CEPApp" */ = {
			isa = XCConfigurationList;
			buildConfigurations = (
				9220877E2B6AA04200AA9D44 /* Debug */,
				9220877F2B6AA04200AA9D44 /* Release */,
			);
			defaultConfigurationIsVisible = 0;
			defaultConfigurationName = Release;
		};
		922087802B6AA04200AA9D44 /* Build configuration list for PBXNativeTarget "CEPAppTests" */ = {
			isa = XCConfigurationList;
			buildConfigurations = (
				922087812B6AA04200AA9D44 /* Debug */,
				922087822B6AA04200AA9D44 /* Release */,
			);
			defaultConfigurationIsVisible = 0;
			defaultConfigurationName = Release;
		};
/* End XCConfigurationList section */
	};
	rootObject = 922087502B6AA04100AA9D44 /* Project object */;
}
