// !$*UTF8*$!
{
	archiveVersion = 1;
	classes = {
	};
	objectVersion = 56;
	objects = {

/* Begin PBXBuildFile section */
		9253CD3E2B66B0ED00FDB13F /* CEPSearch.framework in Frameworks */ = {isa = PBXBuildFile; fileRef = 9253CD352B66B0ED00FDB13F /* CEPSearch.framework */; };
		9253CD432B66B0ED00FDB13F /* CEPSearchTests.swift in Sources */ = {isa = PBXBuildFile; fileRef = 9253CD422B66B0ED00FDB13F /* CEPSearchTests.swift */; };
		9253CD4F2B66B10500FDB13F /* CEPDetails.swift in Sources */ = {isa = PBXBuildFile; fileRef = 9253CD4E2B66B10500FDB13F /* CEPDetails.swift */; };
		9253CD5D2B66B17B00FDB13F /* CEPiOS.framework in Frameworks */ = {isa = PBXBuildFile; fileRef = 9253CD552B66B17B00FDB13F /* CEPiOS.framework */; };
		9253CD622B66B17B00FDB13F /* CEPiOSTests.swift in Sources */ = {isa = PBXBuildFile; fileRef = 9253CD612B66B17B00FDB13F /* CEPiOSTests.swift */; };
		9253CD6B2B66B1F200FDB13F /* CEPViewController.swift in Sources */ = {isa = PBXBuildFile; fileRef = 9253CD6A2B66B1F200FDB13F /* CEPViewController.swift */; };
		9253CD6E2B66BA1900FDB13F /* CEPGetter.swift in Sources */ = {isa = PBXBuildFile; fileRef = 9253CD6D2B66BA1900FDB13F /* CEPGetter.swift */; };
/* End PBXBuildFile section */

/* Begin PBXContainerItemProxy section */
		9253CD3F2B66B0ED00FDB13F /* PBXContainerItemProxy */ = {
			isa = PBXContainerItemProxy;
			containerPortal = 9253CD2C2B66B0ED00FDB13F /* Project object */;
			proxyType = 1;
			remoteGlobalIDString = 9253CD342B66B0ED00FDB13F;
			remoteInfo = CEPSearch;
		};
		9253CD5E2B66B17B00FDB13F /* PBXContainerItemProxy */ = {
			isa = PBXContainerItemProxy;
			containerPortal = 9253CD2C2B66B0ED00FDB13F /* Project object */;
			proxyType = 1;
			remoteGlobalIDString = 9253CD542B66B17B00FDB13F;
			remoteInfo = CEPiOS;
		};
/* End PBXContainerItemProxy section */

/* Begin PBXFileReference section */
		9253CD352B66B0ED00FDB13F /* CEPSearch.framework */ = {isa = PBXFileReference; explicitFileType = wrapper.framework; includeInIndex = 0; path = CEPSearch.framework; sourceTree = BUILT_PRODUCTS_DIR; };
		9253CD3D2B66B0ED00FDB13F /* CEPSearchTests.xctest */ = {isa = PBXFileReference; explicitFileType = wrapper.cfbundle; includeInIndex = 0; path = CEPSearchTests.xctest; sourceTree = BUILT_PRODUCTS_DIR; };
		9253CD422B66B0ED00FDB13F /* CEPSearchTests.swift */ = {isa = PBXFileReference; lastKnownFileType = sourcecode.swift; path = CEPSearchTests.swift; sourceTree = "<group>"; };
		9253CD4E2B66B10500FDB13F /* CEPDetails.swift */ = {isa = PBXFileReference; lastKnownFileType = sourcecode.swift; path = CEPDetails.swift; sourceTree = "<group>"; };
		9253CD552B66B17B00FDB13F /* CEPiOS.framework */ = {isa = PBXFileReference; explicitFileType = wrapper.framework; includeInIndex = 0; path = CEPiOS.framework; sourceTree = BUILT_PRODUCTS_DIR; };
		9253CD5C2B66B17B00FDB13F /* CEPiOSTests.xctest */ = {isa = PBXFileReference; explicitFileType = wrapper.cfbundle; includeInIndex = 0; path = CEPiOSTests.xctest; sourceTree = BUILT_PRODUCTS_DIR; };
		9253CD612B66B17B00FDB13F /* CEPiOSTests.swift */ = {isa = PBXFileReference; lastKnownFileType = sourcecode.swift; path = CEPiOSTests.swift; sourceTree = "<group>"; };
		9253CD6A2B66B1F200FDB13F /* CEPViewController.swift */ = {isa = PBXFileReference; lastKnownFileType = sourcecode.swift; path = CEPViewController.swift; sourceTree = "<group>"; };
		9253CD6D2B66BA1900FDB13F /* CEPGetter.swift */ = {isa = PBXFileReference; lastKnownFileType = sourcecode.swift; path = CEPGetter.swift; sourceTree = "<group>"; };
/* End PBXFileReference section */

/* Begin PBXFrameworksBuildPhase section */
		9253CD322B66B0ED00FDB13F /* Frameworks */ = {
			isa = PBXFrameworksBuildPhase;
			buildActionMask = 2147483647;
			files = (
			);
			runOnlyForDeploymentPostprocessing = 0;
		};
		9253CD3A2B66B0ED00FDB13F /* Frameworks */ = {
			isa = PBXFrameworksBuildPhase;
			buildActionMask = 2147483647;
			files = (
				9253CD3E2B66B0ED00FDB13F /* CEPSearch.framework in Frameworks */,
			);
			runOnlyForDeploymentPostprocessing = 0;
		};
		9253CD522B66B17B00FDB13F /* Frameworks */ = {
			isa = PBXFrameworksBuildPhase;
			buildActionMask = 2147483647;
			files = (
			);
			runOnlyForDeploymentPostprocessing = 0;
		};
		9253CD592B66B17B00FDB13F /* Frameworks */ = {
			isa = PBXFrameworksBuildPhase;
			buildActionMask = 2147483647;
			files = (
				9253CD5D2B66B17B00FDB13F /* CEPiOS.framework in Frameworks */,
			);
			runOnlyForDeploymentPostprocessing = 0;
		};
/* End PBXFrameworksBuildPhase section */

/* Begin PBXGroup section */
		9253CD2B2B66B0ED00FDB13F = {
			isa = PBXGroup;
			children = (
				9253CD372B66B0ED00FDB13F /* CEPSearch */,
				9253CD562B66B17B00FDB13F /* CEPiOS */,
				9253CD6C2B66B23900FDB13F /* Tests */,
				9253CD362B66B0ED00FDB13F /* Products */,
			);
			sourceTree = "<group>";
		};
		9253CD362B66B0ED00FDB13F /* Products */ = {
			isa = PBXGroup;
			children = (
				9253CD352B66B0ED00FDB13F /* CEPSearch.framework */,
				9253CD3D2B66B0ED00FDB13F /* CEPSearchTests.xctest */,
				9253CD552B66B17B00FDB13F /* CEPiOS.framework */,
				9253CD5C2B66B17B00FDB13F /* CEPiOSTests.xctest */,
			);
			name = Products;
			sourceTree = "<group>";
		};
		9253CD372B66B0ED00FDB13F /* CEPSearch */ = {
			isa = PBXGroup;
			children = (
				9253CD4D2B66B0F800FDB13F /* CEP Feature */,
			);
			path = CEPSearch;
			sourceTree = "<group>";
		};
		9253CD412B66B0ED00FDB13F /* CEPSearchTests */ = {
			isa = PBXGroup;
			children = (
				9253CD422B66B0ED00FDB13F /* CEPSearchTests.swift */,
			);
			path = CEPSearchTests;
			sourceTree = "<group>";
		};
		9253CD4D2B66B0F800FDB13F /* CEP Feature */ = {
			isa = PBXGroup;
			children = (
				9253CD4E2B66B10500FDB13F /* CEPDetails.swift */,
				9253CD6D2B66BA1900FDB13F /* CEPGetter.swift */,
			);
			path = "CEP Feature";
			sourceTree = "<group>";
		};
		9253CD562B66B17B00FDB13F /* CEPiOS */ = {
			isa = PBXGroup;
			children = (
				9253CD6A2B66B1F200FDB13F /* CEPViewController.swift */,
			);
			path = CEPiOS;
			sourceTree = "<group>";
		};
		9253CD602B66B17B00FDB13F /* CEPiOSTests */ = {
			isa = PBXGroup;
			children = (
				9253CD612B66B17B00FDB13F /* CEPiOSTests.swift */,
			);
			path = CEPiOSTests;
			sourceTree = "<group>";
		};
		9253CD6C2B66B23900FDB13F /* Tests */ = {
			isa = PBXGroup;
			children = (
				9253CD412B66B0ED00FDB13F /* CEPSearchTests */,
				9253CD602B66B17B00FDB13F /* CEPiOSTests */,
			);
			name = Tests;
			sourceTree = "<group>";
		};
/* End PBXGroup section */

/* Begin PBXHeadersBuildPhase section */
		9253CD302B66B0ED00FDB13F /* Headers */ = {
			isa = PBXHeadersBuildPhase;
			buildActionMask = 2147483647;
			files = (
			);
			runOnlyForDeploymentPostprocessing = 0;
		};
		9253CD502B66B17B00FDB13F /* Headers */ = {
			isa = PBXHeadersBuildPhase;
			buildActionMask = 2147483647;
			files = (
			);
			runOnlyForDeploymentPostprocessing = 0;
		};
/* End PBXHeadersBuildPhase section */

/* Begin PBXNativeTarget section */
		9253CD342B66B0ED00FDB13F /* CEPSearch */ = {
			isa = PBXNativeTarget;
			buildConfigurationList = 9253CD472B66B0ED00FDB13F /* Build configuration list for PBXNativeTarget "CEPSearch" */;
			buildPhases = (
				9253CD302B66B0ED00FDB13F /* Headers */,
				9253CD312B66B0ED00FDB13F /* Sources */,
				9253CD322B66B0ED00FDB13F /* Frameworks */,
				9253CD332B66B0ED00FDB13F /* Resources */,
			);
			buildRules = (
			);
			dependencies = (
			);
			name = CEPSearch;
			productName = CEPSearch;
			productReference = 9253CD352B66B0ED00FDB13F /* CEPSearch.framework */;
			productType = "com.apple.product-type.framework";
		};
		9253CD3C2B66B0ED00FDB13F /* CEPSearchTests */ = {
			isa = PBXNativeTarget;
			buildConfigurationList = 9253CD4A2B66B0ED00FDB13F /* Build configuration list for PBXNativeTarget "CEPSearchTests" */;
			buildPhases = (
				9253CD392B66B0ED00FDB13F /* Sources */,
				9253CD3A2B66B0ED00FDB13F /* Frameworks */,
				9253CD3B2B66B0ED00FDB13F /* Resources */,
			);
			buildRules = (
			);
			dependencies = (
				9253CD402B66B0ED00FDB13F /* PBXTargetDependency */,
			);
			name = CEPSearchTests;
			productName = CEPSearchTests;
			productReference = 9253CD3D2B66B0ED00FDB13F /* CEPSearchTests.xctest */;
			productType = "com.apple.product-type.bundle.unit-test";
		};
		9253CD542B66B17B00FDB13F /* CEPiOS */ = {
			isa = PBXNativeTarget;
			buildConfigurationList = 9253CD642B66B17B00FDB13F /* Build configuration list for PBXNativeTarget "CEPiOS" */;
			buildPhases = (
				9253CD502B66B17B00FDB13F /* Headers */,
				9253CD512B66B17B00FDB13F /* Sources */,
				9253CD522B66B17B00FDB13F /* Frameworks */,
				9253CD532B66B17B00FDB13F /* Resources */,
			);
			buildRules = (
			);
			dependencies = (
			);
			name = CEPiOS;
			productName = CEPiOS;
			productReference = 9253CD552B66B17B00FDB13F /* CEPiOS.framework */;
			productType = "com.apple.product-type.framework";
		};
		9253CD5B2B66B17B00FDB13F /* CEPiOSTests */ = {
			isa = PBXNativeTarget;
			buildConfigurationList = 9253CD672B66B17B00FDB13F /* Build configuration list for PBXNativeTarget "CEPiOSTests" */;
			buildPhases = (
				9253CD582B66B17B00FDB13F /* Sources */,
				9253CD592B66B17B00FDB13F /* Frameworks */,
				9253CD5A2B66B17B00FDB13F /* Resources */,
			);
			buildRules = (
			);
			dependencies = (
				9253CD5F2B66B17B00FDB13F /* PBXTargetDependency */,
			);
			name = CEPiOSTests;
			productName = CEPiOSTests;
			productReference = 9253CD5C2B66B17B00FDB13F /* CEPiOSTests.xctest */;
			productType = "com.apple.product-type.bundle.unit-test";
		};
/* End PBXNativeTarget section */

/* Begin PBXProject section */
		9253CD2C2B66B0ED00FDB13F /* Project object */ = {
			isa = PBXProject;
			attributes = {
				BuildIndependentTargetsInParallel = 1;
				LastSwiftUpdateCheck = 1520;
				LastUpgradeCheck = 1520;
				TargetAttributes = {
					9253CD342B66B0ED00FDB13F = {
						CreatedOnToolsVersion = 15.2;
						LastSwiftMigration = 1520;
					};
					9253CD3C2B66B0ED00FDB13F = {
						CreatedOnToolsVersion = 15.2;
					};
					9253CD542B66B17B00FDB13F = {
						CreatedOnToolsVersion = 15.2;
						LastSwiftMigration = 1520;
					};
					9253CD5B2B66B17B00FDB13F = {
						CreatedOnToolsVersion = 15.2;
					};
				};
			};
			buildConfigurationList = 9253CD2F2B66B0ED00FDB13F /* Build configuration list for PBXProject "CEPSearch" */;
			compatibilityVersion = "Xcode 14.0";
			developmentRegion = en;
			hasScannedForEncodings = 0;
			knownRegions = (
				en,
				Base,
			);
			mainGroup = 9253CD2B2B66B0ED00FDB13F;
			productRefGroup = 9253CD362B66B0ED00FDB13F /* Products */;
			projectDirPath = "";
			projectRoot = "";
			targets = (
				9253CD342B66B0ED00FDB13F /* CEPSearch */,
				9253CD3C2B66B0ED00FDB13F /* CEPSearchTests */,
				9253CD542B66B17B00FDB13F /* CEPiOS */,
				9253CD5B2B66B17B00FDB13F /* CEPiOSTests */,
			);
		};
/* End PBXProject section */

/* Begin PBXResourcesBuildPhase section */
		9253CD332B66B0ED00FDB13F /* Resources */ = {
			isa = PBXResourcesBuildPhase;
			buildActionMask = 2147483647;
			files = (
			);
			runOnlyForDeploymentPostprocessing = 0;
		};
		9253CD3B2B66B0ED00FDB13F /* Resources */ = {
			isa = PBXResourcesBuildPhase;
			buildActionMask = 2147483647;
			files = (
			);
			runOnlyForDeploymentPostprocessing = 0;
		};
		9253CD532B66B17B00FDB13F /* Resources */ = {
			isa = PBXResourcesBuildPhase;
			buildActionMask = 2147483647;
			files = (
			);
			runOnlyForDeploymentPostprocessing = 0;
		};
		9253CD5A2B66B17B00FDB13F /* Resources */ = {
			isa = PBXResourcesBuildPhase;
			buildActionMask = 2147483647;
			files = (
			);
			runOnlyForDeploymentPostprocessing = 0;
		};
/* End PBXResourcesBuildPhase section */

/* Begin PBXSourcesBuildPhase section */
		9253CD312B66B0ED00FDB13F /* Sources */ = {
			isa = PBXSourcesBuildPhase;
			buildActionMask = 2147483647;
			files = (
				9253CD4F2B66B10500FDB13F /* CEPDetails.swift in Sources */,
				9253CD6E2B66BA1900FDB13F /* CEPGetter.swift in Sources */,
			);
			runOnlyForDeploymentPostprocessing = 0;
		};
		9253CD392B66B0ED00FDB13F /* Sources */ = {
			isa = PBXSourcesBuildPhase;
			buildActionMask = 2147483647;
			files = (
				9253CD432B66B0ED00FDB13F /* CEPSearchTests.swift in Sources */,
			);
			runOnlyForDeploymentPostprocessing = 0;
		};
		9253CD512B66B17B00FDB13F /* Sources */ = {
			isa = PBXSourcesBuildPhase;
			buildActionMask = 2147483647;
			files = (
				9253CD6B2B66B1F200FDB13F /* CEPViewController.swift in Sources */,
			);
			runOnlyForDeploymentPostprocessing = 0;
		};
		9253CD582B66B17B00FDB13F /* Sources */ = {
			isa = PBXSourcesBuildPhase;
			buildActionMask = 2147483647;
			files = (
				9253CD622B66B17B00FDB13F /* CEPiOSTests.swift in Sources */,
			);
			runOnlyForDeploymentPostprocessing = 0;
		};
/* End PBXSourcesBuildPhase section */

/* Begin PBXTargetDependency section */
		9253CD402B66B0ED00FDB13F /* PBXTargetDependency */ = {
			isa = PBXTargetDependency;
			target = 9253CD342B66B0ED00FDB13F /* CEPSearch */;
			targetProxy = 9253CD3F2B66B0ED00FDB13F /* PBXContainerItemProxy */;
		};
		9253CD5F2B66B17B00FDB13F /* PBXTargetDependency */ = {
			isa = PBXTargetDependency;
			target = 9253CD542B66B17B00FDB13F /* CEPiOS */;
			targetProxy = 9253CD5E2B66B17B00FDB13F /* PBXContainerItemProxy */;
		};
/* End PBXTargetDependency section */

/* Begin XCBuildConfiguration section */
		9253CD452B66B0ED00FDB13F /* Debug */ = {
			isa = XCBuildConfiguration;
			buildSettings = {
				ALWAYS_SEARCH_USER_PATHS = NO;
				ASSETCATALOG_COMPILER_GENERATE_SWIFT_ASSET_SYMBOL_EXTENSIONS = YES;
				CLANG_ANALYZER_NONNULL = YES;
				CLANG_ANALYZER_NUMBER_OBJECT_CONVERSION = YES_AGGRESSIVE;
				CLANG_CXX_LANGUAGE_STANDARD = "gnu++20";
				CLANG_ENABLE_MODULES = YES;
				CLANG_ENABLE_OBJC_ARC = YES;
				CLANG_ENABLE_OBJC_WEAK = YES;
				CLANG_WARN_BLOCK_CAPTURE_AUTORELEASING = YES;
				CLANG_WARN_BOOL_CONVERSION = YES;
				CLANG_WARN_COMMA = YES;
				CLANG_WARN_CONSTANT_CONVERSION = YES;
				CLANG_WARN_DEPRECATED_OBJC_IMPLEMENTATIONS = YES;
				CLANG_WARN_DIRECT_OBJC_ISA_USAGE = YES_ERROR;
				CLANG_WARN_DOCUMENTATION_COMMENTS = YES;
				CLANG_WARN_EMPTY_BODY = YES;
				CLANG_WARN_ENUM_CONVERSION = YES;
				CLANG_WARN_INFINITE_RECURSION = YES;
				CLANG_WARN_INT_CONVERSION = YES;
				CLANG_WARN_NON_LITERAL_NULL_CONVERSION = YES;
				CLANG_WARN_OBJC_IMPLICIT_RETAIN_SELF = YES;
				CLANG_WARN_OBJC_LITERAL_CONVERSION = YES;
				CLANG_WARN_OBJC_ROOT_CLASS = YES_ERROR;
				CLANG_WARN_QUOTED_INCLUDE_IN_FRAMEWORK_HEADER = YES;
				CLANG_WARN_RANGE_LOOP_ANALYSIS = YES;
				CLANG_WARN_STRICT_PROTOTYPES = YES;
				CLANG_WARN_SUSPICIOUS_MOVE = YES;
				CLANG_WARN_UNGUARDED_AVAILABILITY = YES_AGGRESSIVE;
				CLANG_WARN_UNREACHABLE_CODE = YES;
				CLANG_WARN__DUPLICATE_METHOD_MATCH = YES;
				COPY_PHASE_STRIP = NO;
				CURRENT_PROJECT_VERSION = 1;
				DEBUG_INFORMATION_FORMAT = dwarf;
				ENABLE_STRICT_OBJC_MSGSEND = YES;
				ENABLE_TESTABILITY = YES;
				ENABLE_USER_SCRIPT_SANDBOXING = YES;
				GCC_C_LANGUAGE_STANDARD = gnu17;
				GCC_DYNAMIC_NO_PIC = NO;
				GCC_NO_COMMON_BLOCKS = YES;
				GCC_OPTIMIZATION_LEVEL = 0;
				GCC_PREPROCESSOR_DEFINITIONS = (
					"DEBUG=1",
					"$(inherited)",
				);
				GCC_WARN_64_TO_32_BIT_CONVERSION = YES;
				GCC_WARN_ABOUT_RETURN_TYPE = YES_ERROR;
				GCC_WARN_UNDECLARED_SELECTOR = YES;
				GCC_WARN_UNINITIALIZED_AUTOS = YES_AGGRESSIVE;
				GCC_WARN_UNUSED_FUNCTION = YES;
				GCC_WARN_UNUSED_VARIABLE = YES;
				LOCALIZATION_PREFERS_STRING_CATALOGS = YES;
				MACOSX_DEPLOYMENT_TARGET = 14.2;
				MTL_ENABLE_DEBUG_INFO = INCLUDE_SOURCE;
				MTL_FAST_MATH = YES;
				ONLY_ACTIVE_ARCH = YES;
				SDKROOT = macosx;
				SWIFT_ACTIVE_COMPILATION_CONDITIONS = "DEBUG $(inherited)";
				SWIFT_OPTIMIZATION_LEVEL = "-Onone";
				VERSIONING_SYSTEM = "apple-generic";
				VERSION_INFO_PREFIX = "";
			};
			name = Debug;
		};
		9253CD462B66B0ED00FDB13F /* Release */ = {
			isa = XCBuildConfiguration;
			buildSettings = {
				ALWAYS_SEARCH_USER_PATHS = NO;
				ASSETCATALOG_COMPILER_GENERATE_SWIFT_ASSET_SYMBOL_EXTENSIONS = YES;
				CLANG_ANALYZER_NONNULL = YES;
				CLANG_ANALYZER_NUMBER_OBJECT_CONVERSION = YES_AGGRESSIVE;
				CLANG_CXX_LANGUAGE_STANDARD = "gnu++20";
				CLANG_ENABLE_MODULES = YES;
				CLANG_ENABLE_OBJC_ARC = YES;
				CLANG_ENABLE_OBJC_WEAK = YES;
				CLANG_WARN_BLOCK_CAPTURE_AUTORELEASING = YES;
				CLANG_WARN_BOOL_CONVERSION = YES;
				CLANG_WARN_COMMA = YES;
				CLANG_WARN_CONSTANT_CONVERSION = YES;
				CLANG_WARN_DEPRECATED_OBJC_IMPLEMENTATIONS = YES;
				CLANG_WARN_DIRECT_OBJC_ISA_USAGE = YES_ERROR;
				CLANG_WARN_DOCUMENTATION_COMMENTS = YES;
				CLANG_WARN_EMPTY_BODY = YES;
				CLANG_WARN_ENUM_CONVERSION = YES;
				CLANG_WARN_INFINITE_RECURSION = YES;
				CLANG_WARN_INT_CONVERSION = YES;
				CLANG_WARN_NON_LITERAL_NULL_CONVERSION = YES;
				CLANG_WARN_OBJC_IMPLICIT_RETAIN_SELF = YES;
				CLANG_WARN_OBJC_LITERAL_CONVERSION = YES;
				CLANG_WARN_OBJC_ROOT_CLASS = YES_ERROR;
				CLANG_WARN_QUOTED_INCLUDE_IN_FRAMEWORK_HEADER = YES;
				CLANG_WARN_RANGE_LOOP_ANALYSIS = YES;
				CLANG_WARN_STRICT_PROTOTYPES = YES;
				CLANG_WARN_SUSPICIOUS_MOVE = YES;
				CLANG_WARN_UNGUARDED_AVAILABILITY = YES_AGGRESSIVE;
				CLANG_WARN_UNREACHABLE_CODE = YES;
				CLANG_WARN__DUPLICATE_METHOD_MATCH = YES;
				COPY_PHASE_STRIP = NO;
				CURRENT_PROJECT_VERSION = 1;
				DEBUG_INFORMATION_FORMAT = "dwarf-with-dsym";
				ENABLE_NS_ASSERTIONS = NO;
				ENABLE_STRICT_OBJC_MSGSEND = YES;
				ENABLE_USER_SCRIPT_SANDBOXING = YES;
				GCC_C_LANGUAGE_STANDARD = gnu17;
				GCC_NO_COMMON_BLOCKS = YES;
				GCC_WARN_64_TO_32_BIT_CONVERSION = YES;
				GCC_WARN_ABOUT_RETURN_TYPE = YES_ERROR;
				GCC_WARN_UNDECLARED_SELECTOR = YES;
				GCC_WARN_UNINITIALIZED_AUTOS = YES_AGGRESSIVE;
				GCC_WARN_UNUSED_FUNCTION = YES;
				GCC_WARN_UNUSED_VARIABLE = YES;
				LOCALIZATION_PREFERS_STRING_CATALOGS = YES;
				MACOSX_DEPLOYMENT_TARGET = 14.2;
				MTL_ENABLE_DEBUG_INFO = NO;
				MTL_FAST_MATH = YES;
				SDKROOT = macosx;
				SWIFT_COMPILATION_MODE = wholemodule;
				VERSIONING_SYSTEM = "apple-generic";
				VERSION_INFO_PREFIX = "";
			};
			name = Release;
		};
		9253CD482B66B0ED00FDB13F /* Debug */ = {
			isa = XCBuildConfiguration;
			buildSettings = {
				CLANG_ENABLE_MODULES = YES;
				CODE_SIGN_STYLE = Automatic;
				COMBINE_HIDPI_IMAGES = YES;
				CURRENT_PROJECT_VERSION = 1;
				DEFINES_MODULE = YES;
				DEVELOPMENT_TEAM = 8C3NFSJWVT;
				DYLIB_COMPATIBILITY_VERSION = 1;
				DYLIB_CURRENT_VERSION = 1;
				DYLIB_INSTALL_NAME_BASE = "@rpath";
				ENABLE_MODULE_VERIFIER = YES;
				GENERATE_INFOPLIST_FILE = YES;
				INFOPLIST_KEY_NSHumanReadableCopyright = "";
				INSTALL_PATH = "$(LOCAL_LIBRARY_DIR)/Frameworks";
				IPHONEOS_DEPLOYMENT_TARGET = 17.0;
				LD_RUNPATH_SEARCH_PATHS = (
					"$(inherited)",
					"@executable_path/../Frameworks",
					"@loader_path/Frameworks",
				);
				MACOSX_DEPLOYMENT_TARGET = 14.0;
				MARKETING_VERSION = 1.0;
				MODULE_VERIFIER_SUPPORTED_LANGUAGES = "objective-c objective-c++";
				MODULE_VERIFIER_SUPPORTED_LANGUAGE_STANDARDS = "gnu17 gnu++20";
				PRODUCT_BUNDLE_IDENTIFIER = ivo.CEPSearch;
				PRODUCT_NAME = "$(TARGET_NAME:c99extidentifier)";
				SKIP_INSTALL = YES;
				SUPPORTED_PLATFORMS = "iphoneos iphonesimulator macosx";
				SUPPORTS_MACCATALYST = NO;
				SWIFT_EMIT_LOC_STRINGS = YES;
				SWIFT_OPTIMIZATION_LEVEL = "-Onone";
				SWIFT_VERSION = 5.0;
				TARGETED_DEVICE_FAMILY = "1,2";
			};
			name = Debug;
		};
		9253CD492B66B0ED00FDB13F /* Release */ = {
			isa = XCBuildConfiguration;
			buildSettings = {
				CLANG_ENABLE_MODULES = YES;
				CODE_SIGN_STYLE = Automatic;
				COMBINE_HIDPI_IMAGES = YES;
				CURRENT_PROJECT_VERSION = 1;
				DEFINES_MODULE = YES;
				DEVELOPMENT_TEAM = 8C3NFSJWVT;
				DYLIB_COMPATIBILITY_VERSION = 1;
				DYLIB_CURRENT_VERSION = 1;
				DYLIB_INSTALL_NAME_BASE = "@rpath";
				ENABLE_MODULE_VERIFIER = YES;
				GENERATE_INFOPLIST_FILE = YES;
				INFOPLIST_KEY_NSHumanReadableCopyright = "";
				INSTALL_PATH = "$(LOCAL_LIBRARY_DIR)/Frameworks";
				IPHONEOS_DEPLOYMENT_TARGET = 17.0;
				LD_RUNPATH_SEARCH_PATHS = (
					"$(inherited)",
					"@executable_path/../Frameworks",
					"@loader_path/Frameworks",
				);
				MACOSX_DEPLOYMENT_TARGET = 14.0;
				MARKETING_VERSION = 1.0;
				MODULE_VERIFIER_SUPPORTED_LANGUAGES = "objective-c objective-c++";
				MODULE_VERIFIER_SUPPORTED_LANGUAGE_STANDARDS = "gnu17 gnu++20";
				PRODUCT_BUNDLE_IDENTIFIER = ivo.CEPSearch;
				PRODUCT_NAME = "$(TARGET_NAME:c99extidentifier)";
				SKIP_INSTALL = YES;
				SUPPORTED_PLATFORMS = "iphoneos iphonesimulator macosx";
				SUPPORTS_MACCATALYST = NO;
				SWIFT_EMIT_LOC_STRINGS = YES;
				SWIFT_VERSION = 5.0;
				TARGETED_DEVICE_FAMILY = "1,2";
			};
			name = Release;
		};
		9253CD4B2B66B0ED00FDB13F /* Debug */ = {
			isa = XCBuildConfiguration;
			buildSettings = {
				ALWAYS_EMBED_SWIFT_STANDARD_LIBRARIES = YES;
				CODE_SIGN_STYLE = Automatic;
				CURRENT_PROJECT_VERSION = 1;
				DEVELOPMENT_TEAM = 8C3NFSJWVT;
				GENERATE_INFOPLIST_FILE = YES;
				IPHONEOS_DEPLOYMENT_TARGET = 17.0;
				MACOSX_DEPLOYMENT_TARGET = 14.0;
				MARKETING_VERSION = 1.0;
				PRODUCT_BUNDLE_IDENTIFIER = ivo.CEPSearchTests;
				PRODUCT_NAME = "$(TARGET_NAME)";
				SUPPORTED_PLATFORMS = "iphoneos iphonesimulator macosx";
				SUPPORTS_MACCATALYST = NO;
				SWIFT_EMIT_LOC_STRINGS = NO;
				SWIFT_VERSION = 5.0;
				TARGETED_DEVICE_FAMILY = "1,2";
			};
			name = Debug;
		};
		9253CD4C2B66B0ED00FDB13F /* Release */ = {
			isa = XCBuildConfiguration;
			buildSettings = {
				ALWAYS_EMBED_SWIFT_STANDARD_LIBRARIES = YES;
				CODE_SIGN_STYLE = Automatic;
				CURRENT_PROJECT_VERSION = 1;
				DEVELOPMENT_TEAM = 8C3NFSJWVT;
				GENERATE_INFOPLIST_FILE = YES;
				IPHONEOS_DEPLOYMENT_TARGET = 17.0;
				MACOSX_DEPLOYMENT_TARGET = 14.0;
				MARKETING_VERSION = 1.0;
				PRODUCT_BUNDLE_IDENTIFIER = ivo.CEPSearchTests;
				PRODUCT_NAME = "$(TARGET_NAME)";
				SUPPORTED_PLATFORMS = "iphoneos iphonesimulator macosx";
				SUPPORTS_MACCATALYST = NO;
				SWIFT_EMIT_LOC_STRINGS = NO;
				SWIFT_VERSION = 5.0;
				TARGETED_DEVICE_FAMILY = "1,2";
			};
			name = Release;
		};
		9253CD652B66B17B00FDB13F /* Debug */ = {
			isa = XCBuildConfiguration;
			buildSettings = {
				CLANG_ENABLE_MODULES = YES;
				CODE_SIGN_STYLE = Automatic;
				CURRENT_PROJECT_VERSION = 1;
				DEFINES_MODULE = YES;
				DEVELOPMENT_TEAM = 8C3NFSJWVT;
				DYLIB_COMPATIBILITY_VERSION = 1;
				DYLIB_CURRENT_VERSION = 1;
				DYLIB_INSTALL_NAME_BASE = "@rpath";
				ENABLE_MODULE_VERIFIER = YES;
				GENERATE_INFOPLIST_FILE = YES;
				INFOPLIST_KEY_NSHumanReadableCopyright = "";
				INSTALL_PATH = "$(LOCAL_LIBRARY_DIR)/Frameworks";
				IPHONEOS_DEPLOYMENT_TARGET = 17.0;
				LD_RUNPATH_SEARCH_PATHS = (
					"$(inherited)",
					"@executable_path/Frameworks",
					"@loader_path/Frameworks",
				);
				MARKETING_VERSION = 1.0;
				MODULE_VERIFIER_SUPPORTED_LANGUAGES = "objective-c objective-c++";
				MODULE_VERIFIER_SUPPORTED_LANGUAGE_STANDARDS = "gnu17 gnu++20";
				PRODUCT_BUNDLE_IDENTIFIER = ivo.CEPiOS;
				PRODUCT_NAME = "$(TARGET_NAME:c99extidentifier)";
				SDKROOT = iphoneos;
				SKIP_INSTALL = YES;
				SUPPORTED_PLATFORMS = "iphoneos iphonesimulator";
				SUPPORTS_MACCATALYST = NO;
				SUPPORTS_MAC_DESIGNED_FOR_IPHONE_IPAD = NO;
				SUPPORTS_XR_DESIGNED_FOR_IPHONE_IPAD = NO;
				SWIFT_EMIT_LOC_STRINGS = YES;
				SWIFT_OPTIMIZATION_LEVEL = "-Onone";
				SWIFT_VERSION = 5.0;
				TARGETED_DEVICE_FAMILY = "1,2";
			};
			name = Debug;
		};
		9253CD662B66B17B00FDB13F /* Release */ = {
			isa = XCBuildConfiguration;
			buildSettings = {
				CLANG_ENABLE_MODULES = YES;
				CODE_SIGN_STYLE = Automatic;
				CURRENT_PROJECT_VERSION = 1;
				DEFINES_MODULE = YES;
				DEVELOPMENT_TEAM = 8C3NFSJWVT;
				DYLIB_COMPATIBILITY_VERSION = 1;
				DYLIB_CURRENT_VERSION = 1;
				DYLIB_INSTALL_NAME_BASE = "@rpath";
				ENABLE_MODULE_VERIFIER = YES;
				GENERATE_INFOPLIST_FILE = YES;
				INFOPLIST_KEY_NSHumanReadableCopyright = "";
				INSTALL_PATH = "$(LOCAL_LIBRARY_DIR)/Frameworks";
				IPHONEOS_DEPLOYMENT_TARGET = 17.0;
				LD_RUNPATH_SEARCH_PATHS = (
					"$(inherited)",
					"@executable_path/Frameworks",
					"@loader_path/Frameworks",
				);
				MARKETING_VERSION = 1.0;
				MODULE_VERIFIER_SUPPORTED_LANGUAGES = "objective-c objective-c++";
				MODULE_VERIFIER_SUPPORTED_LANGUAGE_STANDARDS = "gnu17 gnu++20";
				PRODUCT_BUNDLE_IDENTIFIER = ivo.CEPiOS;
				PRODUCT_NAME = "$(TARGET_NAME:c99extidentifier)";
				SDKROOT = iphoneos;
				SKIP_INSTALL = YES;
				SUPPORTED_PLATFORMS = "iphoneos iphonesimulator";
				SUPPORTS_MACCATALYST = NO;
				SUPPORTS_MAC_DESIGNED_FOR_IPHONE_IPAD = NO;
				SUPPORTS_XR_DESIGNED_FOR_IPHONE_IPAD = NO;
				SWIFT_EMIT_LOC_STRINGS = YES;
				SWIFT_VERSION = 5.0;
				TARGETED_DEVICE_FAMILY = "1,2";
				VALIDATE_PRODUCT = YES;
			};
			name = Release;
		};
		9253CD682B66B17B00FDB13F /* Debug */ = {
			isa = XCBuildConfiguration;
			buildSettings = {
				ALWAYS_EMBED_SWIFT_STANDARD_LIBRARIES = YES;
				CODE_SIGN_STYLE = Automatic;
				CURRENT_PROJECT_VERSION = 1;
				DEVELOPMENT_TEAM = 8C3NFSJWVT;
				GENERATE_INFOPLIST_FILE = YES;
				IPHONEOS_DEPLOYMENT_TARGET = 17.0;
				MARKETING_VERSION = 1.0;
				PRODUCT_BUNDLE_IDENTIFIER = ivo.CEPiOSTests;
				PRODUCT_NAME = "$(TARGET_NAME)";
				SDKROOT = iphoneos;
				SUPPORTED_PLATFORMS = "iphoneos iphonesimulator";
				SUPPORTS_MACCATALYST = NO;
				SUPPORTS_MAC_DESIGNED_FOR_IPHONE_IPAD = NO;
				SUPPORTS_XR_DESIGNED_FOR_IPHONE_IPAD = NO;
				SWIFT_EMIT_LOC_STRINGS = NO;
				SWIFT_VERSION = 5.0;
				TARGETED_DEVICE_FAMILY = "1,2";
			};
			name = Debug;
		};
		9253CD692B66B17B00FDB13F /* Release */ = {
			isa = XCBuildConfiguration;
			buildSettings = {
				ALWAYS_EMBED_SWIFT_STANDARD_LIBRARIES = YES;
				CODE_SIGN_STYLE = Automatic;
				CURRENT_PROJECT_VERSION = 1;
				DEVELOPMENT_TEAM = 8C3NFSJWVT;
				GENERATE_INFOPLIST_FILE = YES;
				IPHONEOS_DEPLOYMENT_TARGET = 17.0;
				MARKETING_VERSION = 1.0;
				PRODUCT_BUNDLE_IDENTIFIER = ivo.CEPiOSTests;
				PRODUCT_NAME = "$(TARGET_NAME)";
				SDKROOT = iphoneos;
				SUPPORTED_PLATFORMS = "iphoneos iphonesimulator";
				SUPPORTS_MACCATALYST = NO;
				SUPPORTS_MAC_DESIGNED_FOR_IPHONE_IPAD = NO;
				SUPPORTS_XR_DESIGNED_FOR_IPHONE_IPAD = NO;
				SWIFT_EMIT_LOC_STRINGS = NO;
				SWIFT_VERSION = 5.0;
				TARGETED_DEVICE_FAMILY = "1,2";
				VALIDATE_PRODUCT = YES;
			};
			name = Release;
		};
/* End XCBuildConfiguration section */

/* Begin XCConfigurationList section */
		9253CD2F2B66B0ED00FDB13F /* Build configuration list for PBXProject "CEPSearch" */ = {
			isa = XCConfigurationList;
			buildConfigurations = (
				9253CD452B66B0ED00FDB13F /* Debug */,
				9253CD462B66B0ED00FDB13F /* Release */,
			);
			defaultConfigurationIsVisible = 0;
			defaultConfigurationName = Release;
		};
		9253CD472B66B0ED00FDB13F /* Build configuration list for PBXNativeTarget "CEPSearch" */ = {
			isa = XCConfigurationList;
			buildConfigurations = (
				9253CD482B66B0ED00FDB13F /* Debug */,
				9253CD492B66B0ED00FDB13F /* Release */,
			);
			defaultConfigurationIsVisible = 0;
			defaultConfigurationName = Release;
		};
		9253CD4A2B66B0ED00FDB13F /* Build configuration list for PBXNativeTarget "CEPSearchTests" */ = {
			isa = XCConfigurationList;
			buildConfigurations = (
				9253CD4B2B66B0ED00FDB13F /* Debug */,
				9253CD4C2B66B0ED00FDB13F /* Release */,
			);
			defaultConfigurationIsVisible = 0;
			defaultConfigurationName = Release;
		};
		9253CD642B66B17B00FDB13F /* Build configuration list for PBXNativeTarget "CEPiOS" */ = {
			isa = XCConfigurationList;
			buildConfigurations = (
				9253CD652B66B17B00FDB13F /* Debug */,
				9253CD662B66B17B00FDB13F /* Release */,
			);
			defaultConfigurationIsVisible = 0;
			defaultConfigurationName = Release;
		};
		9253CD672B66B17B00FDB13F /* Build configuration list for PBXNativeTarget "CEPiOSTests" */ = {
			isa = XCConfigurationList;
			buildConfigurations = (
				9253CD682B66B17B00FDB13F /* Debug */,
				9253CD692B66B17B00FDB13F /* Release */,
			);
			defaultConfigurationIsVisible = 0;
			defaultConfigurationName = Release;
		};
/* End XCConfigurationList section */
	};
	rootObject = 9253CD2C2B66B0ED00FDB13F /* Project object */;
}
